
Microsoft Visual Studio Solution File, Format Version 12.00
# Visual Studio Version 16
VisualStudioVersion = 16.0.30204.135
MinimumVisualStudioVersion = 10.0.40219.1
Project("{FAE04EC0-301F-11D3-BF4B-00C04F79EFBC}") = "Gavin-Fahey-C969-PA", "Gavin-Fahey-C969-PA.csproj", "{76A4397D-8DF3-4617-ADFB-F63292B1B5FD}"
EndProject
Global
	GlobalSection(SolutionConfigurationPlatforms) = preSolution
		Debug|Any CPU = Debug|Any CPU
		Release|Any CPU = Release|Any CPU
	EndGlobalSection
	GlobalSection(ProjectConfigurationPlatforms) = postSolution
		{76A4397D-8DF3-4617-ADFB-F63292B1B5FD}.Debug|Any CPU.ActiveCfg = Debug|Any CPU
		{76A4397D-8DF3-4617-ADFB-F63292B1B5FD}.Debug|Any CPU.Build.0 = Debug|Any CPU
		{76A4397D-8DF3-4617-ADFB-F63292B1B5FD}.Release|Any CPU.ActiveCfg = Release|Any CPU
		{76A4397D-8DF3-4617-ADFB-F63292B1B5FD}.Release|Any CPU.Build.0 = Release|Any CPU
	EndGlobalSection
	GlobalSection(SolutionProperties) = preSolution
		HideSolutionNode = FALSE
	EndGlobalSection
	GlobalSection(ExtensibilityGlobals) = postSolution
		SolutionGuid = {68916DC5-86B8-4566-947B-F150C4B87214}
	EndGlobalSection
EndGlobal
